
Microsoft Visual Studio Solution File, Format Version 12.00
# Visual Studio Version 17
VisualStudioVersion = 17.10.35013.160
MinimumVisualStudioVersion = 10.0.40219.1
Project("{FAE04EC0-301F-11D3-BF4B-00C04F79EFBC}") = "AcademyApp", "AcademyApp.csproj", "{710BE868-207B-4F85-AC01-132C5D857A72}"
EndProject
Global
	GlobalSection(SolutionConfigurationPlatforms) = preSolution
		Debug|Any CPU = Debug|Any CPU
		Release|Any CPU = Release|Any CPU
	EndGlobalSection
	GlobalSection(ProjectConfigurationPlatforms) = postSolution
		{710BE868-207B-4F85-AC01-132C5D857A72}.Debug|Any CPU.ActiveCfg = Debug|Any CPU
		{710BE868-207B-4F85-AC01-132C5D857A72}.Debug|Any CPU.Build.0 = Debug|Any CPU
		{710BE868-207B-4F85-AC01-132C5D857A72}.Release|Any CPU.ActiveCfg = Release|Any CPU
		{710BE868-207B-4F85-AC01-132C5D857A72}.Release|Any CPU.Build.0 = Release|Any CPU
	EndGlobalSection
	GlobalSection(SolutionProperties) = preSolution
		HideSolutionNode = FALSE
	EndGlobalSection
	GlobalSection(ExtensibilityGlobals) = postSolution
		SolutionGuid = {B5502241-AE51-48D2-9F9C-8A8805EC8F6B}
	EndGlobalSection
EndGlobal
