
Microsoft Visual Studio Solution File, Format Version 12.00
# Visual Studio Version 17
VisualStudioVersion = 17.10.35013.160
MinimumVisualStudioVersion = 10.0.40219.1
Project("{9A19103F-16F7-4668-BE54-9A1E7A4F7556}") = "01_Basics", "01_Basics\01_Basics.csproj", "{978A818A-B956-472F-B9CD-504232A852E2}"
EndProject
Project("{9A19103F-16F7-4668-BE54-9A1E7A4F7556}") = "02_LambdaExp", "02_LambdaExp\02_LambdaExp.csproj", "{36470DB1-0725-425E-B454-FB6E6741F51C}"
EndProject
Project("{FAE04EC0-301F-11D3-BF4B-00C04F79EFBC}") = "03_Where", "03_Where\03_Where.csproj", "{632F5C02-FC02-41E9-B528-40D652A010A8}"
EndProject
Project("{FAE04EC0-301F-11D3-BF4B-00C04F79EFBC}") = "04_WhereComplex", "04_WhereComplex\04_WhereComplex.csproj", "{3725DF8C-B9E9-4616-9FBE-DF15C15D2518}"
EndProject
Project("{FAE04EC0-301F-11D3-BF4B-00C04F79EFBC}") = "05_Select", "05_Select\05_Select.csproj", "{C108DCE0-2D93-4A44-89C1-BD277719EADC}"
EndProject
Project("{FAE04EC0-301F-11D3-BF4B-00C04F79EFBC}") = "06_Let", "06_Let\06_Let.csproj", "{8675BF2A-6886-4EF8-A286-6838E11C1E37}"
EndProject
Global
	GlobalSection(SolutionConfigurationPlatforms) = preSolution
		Debug|Any CPU = Debug|Any CPU
		Release|Any CPU = Release|Any CPU
	EndGlobalSection
	GlobalSection(ProjectConfigurationPlatforms) = postSolution
		{978A818A-B956-472F-B9CD-504232A852E2}.Debug|Any CPU.ActiveCfg = Debug|Any CPU
		{978A818A-B956-472F-B9CD-504232A852E2}.Debug|Any CPU.Build.0 = Debug|Any CPU
		{978A818A-B956-472F-B9CD-504232A852E2}.Release|Any CPU.ActiveCfg = Release|Any CPU
		{978A818A-B956-472F-B9CD-504232A852E2}.Release|Any CPU.Build.0 = Release|Any CPU
		{36470DB1-0725-425E-B454-FB6E6741F51C}.Debug|Any CPU.ActiveCfg = Debug|Any CPU
		{36470DB1-0725-425E-B454-FB6E6741F51C}.Debug|Any CPU.Build.0 = Debug|Any CPU
		{36470DB1-0725-425E-B454-FB6E6741F51C}.Release|Any CPU.ActiveCfg = Release|Any CPU
		{36470DB1-0725-425E-B454-FB6E6741F51C}.Release|Any CPU.Build.0 = Release|Any CPU
		{632F5C02-FC02-41E9-B528-40D652A010A8}.Debug|Any CPU.ActiveCfg = Debug|Any CPU
		{632F5C02-FC02-41E9-B528-40D652A010A8}.Debug|Any CPU.Build.0 = Debug|Any CPU
		{632F5C02-FC02-41E9-B528-40D652A010A8}.Release|Any CPU.ActiveCfg = Release|Any CPU
		{632F5C02-FC02-41E9-B528-40D652A010A8}.Release|Any CPU.Build.0 = Release|Any CPU
		{3725DF8C-B9E9-4616-9FBE-DF15C15D2518}.Debug|Any CPU.ActiveCfg = Debug|Any CPU
		{3725DF8C-B9E9-4616-9FBE-DF15C15D2518}.Debug|Any CPU.Build.0 = Debug|Any CPU
		{3725DF8C-B9E9-4616-9FBE-DF15C15D2518}.Release|Any CPU.ActiveCfg = Release|Any CPU
		{3725DF8C-B9E9-4616-9FBE-DF15C15D2518}.Release|Any CPU.Build.0 = Release|Any CPU
		{C108DCE0-2D93-4A44-89C1-BD277719EADC}.Debug|Any CPU.ActiveCfg = Debug|Any CPU
		{C108DCE0-2D93-4A44-89C1-BD277719EADC}.Debug|Any CPU.Build.0 = Debug|Any CPU
		{C108DCE0-2D93-4A44-89C1-BD277719EADC}.Release|Any CPU.ActiveCfg = Release|Any CPU
		{C108DCE0-2D93-4A44-89C1-BD277719EADC}.Release|Any CPU.Build.0 = Release|Any CPU
		{8675BF2A-6886-4EF8-A286-6838E11C1E37}.Debug|Any CPU.ActiveCfg = Debug|Any CPU
		{8675BF2A-6886-4EF8-A286-6838E11C1E37}.Debug|Any CPU.Build.0 = Debug|Any CPU
		{8675BF2A-6886-4EF8-A286-6838E11C1E37}.Release|Any CPU.ActiveCfg = Release|Any CPU
		{8675BF2A-6886-4EF8-A286-6838E11C1E37}.Release|Any CPU.Build.0 = Release|Any CPU
	EndGlobalSection
	GlobalSection(SolutionProperties) = preSolution
		HideSolutionNode = FALSE
	EndGlobalSection
	GlobalSection(ExtensibilityGlobals) = postSolution
		SolutionGuid = {F14B2AA7-4EAE-4BE7-AA6C-875D6C233F0E}
	EndGlobalSection
EndGlobal
