
Microsoft Visual Studio Solution File, Format Version 12.00
# Visual Studio Version 17
VisualStudioVersion = 17.10.35013.160
MinimumVisualStudioVersion = 10.0.40219.1
Project("{FAE04EC0-301F-11D3-BF4B-00C04F79EFBC}") = "AcademyApp", "AcademyApp.csproj", "{24334996-B842-4139-9070-D7F81226AC9D}"
EndProject
Global
	GlobalSection(SolutionConfigurationPlatforms) = preSolution
		Debug|Any CPU = Debug|Any CPU
		Release|Any CPU = Release|Any CPU
	EndGlobalSection
	GlobalSection(ProjectConfigurationPlatforms) = postSolution
		{24334996-B842-4139-9070-D7F81226AC9D}.Debug|Any CPU.ActiveCfg = Debug|Any CPU
		{24334996-B842-4139-9070-D7F81226AC9D}.Debug|Any CPU.Build.0 = Debug|Any CPU
		{24334996-B842-4139-9070-D7F81226AC9D}.Release|Any CPU.ActiveCfg = Release|Any CPU
		{24334996-B842-4139-9070-D7F81226AC9D}.Release|Any CPU.Build.0 = Release|Any CPU
	EndGlobalSection
	GlobalSection(SolutionProperties) = preSolution
		HideSolutionNode = FALSE
	EndGlobalSection
	GlobalSection(ExtensibilityGlobals) = postSolution
		SolutionGuid = {1E6BDA6B-B246-4A71-A584-7644BDD1E2BC}
	EndGlobalSection
EndGlobal
